
Microsoft Visual Studio Solution File, Format Version 12.00
# Visual Studio Version 16
VisualStudioVersion = 16.0.29102.190
MinimumVisualStudioVersion = 10.0.40219.1
Project("{FAE04EC0-301F-11D3-BF4B-00C04F79EFBC}") = "MeuCarro4x4Class", "MeuCarro4x4Class.csproj", "{1E2240EC-9849-477C-A5AD-82E9BBEED08F}"
EndProject
Global
	GlobalSection(SolutionConfigurationPlatforms) = preSolution
		Debug|Any CPU = Debug|Any CPU
		Release|Any CPU = Release|Any CPU
	EndGlobalSection
	GlobalSection(ProjectConfigurationPlatforms) = postSolution
		{1E2240EC-9849-477C-A5AD-82E9BBEED08F}.Debug|Any CPU.ActiveCfg = Debug|Any CPU
		{1E2240EC-9849-477C-A5AD-82E9BBEED08F}.Debug|Any CPU.Build.0 = Debug|Any CPU
		{1E2240EC-9849-477C-A5AD-82E9BBEED08F}.Release|Any CPU.ActiveCfg = Release|Any CPU
		{1E2240EC-9849-477C-A5AD-82E9BBEED08F}.Release|Any CPU.Build.0 = Release|Any CPU
	EndGlobalSection
	GlobalSection(SolutionProperties) = preSolution
		HideSolutionNode = FALSE
	EndGlobalSection
	GlobalSection(ExtensibilityGlobals) = postSolution
		SolutionGuid = {0181B2A9-5B79-4F70-BA05-11686746B9B7}
	EndGlobalSection
EndGlobal
