
Microsoft Visual Studio Solution File, Format Version 12.00
# Visual Studio Version 16
VisualStudioVersion = 16.0.29020.237
MinimumVisualStudioVersion = 10.0.40219.1
Project("{FAE04EC0-301F-11D3-BF4B-00C04F79EFBC}") = "COMMIT", "COMMIT.csproj", "{CF2823B6-97A5-4B1D-BD3E-D234DC0EE5D6}"
EndProject
Global
	GlobalSection(SolutionConfigurationPlatforms) = preSolution
		Debug|Any CPU = Debug|Any CPU
		Release|Any CPU = Release|Any CPU
	EndGlobalSection
	GlobalSection(ProjectConfigurationPlatforms) = postSolution
		{CF2823B6-97A5-4B1D-BD3E-D234DC0EE5D6}.Debug|Any CPU.ActiveCfg = Debug|Any CPU
		{CF2823B6-97A5-4B1D-BD3E-D234DC0EE5D6}.Debug|Any CPU.Build.0 = Debug|Any CPU
		{CF2823B6-97A5-4B1D-BD3E-D234DC0EE5D6}.Release|Any CPU.ActiveCfg = Release|Any CPU
		{CF2823B6-97A5-4B1D-BD3E-D234DC0EE5D6}.Release|Any CPU.Build.0 = Release|Any CPU
	EndGlobalSection
	GlobalSection(SolutionProperties) = preSolution
		HideSolutionNode = FALSE
	EndGlobalSection
	GlobalSection(ExtensibilityGlobals) = postSolution
		SolutionGuid = {C4D6D21B-DDA1-46ED-AA27-89C62CB51774}
	EndGlobalSection
EndGlobal
