
Microsoft Visual Studio Solution File, Format Version 12.00
# Visual Studio Version 16
VisualStudioVersion = 16.0.29102.190
MinimumVisualStudioVersion = 10.0.40219.1
Project("{FAE04EC0-301F-11D3-BF4B-00C04F79EFBC}") = "ListaBiSuperCompact", "ListaBiSuperCompact.csproj", "{FC6D79D0-7D38-4929-92FB-5239BA826D58}"
EndProject
Global
	GlobalSection(SolutionConfigurationPlatforms) = preSolution
		Debug|Any CPU = Debug|Any CPU
		Release|Any CPU = Release|Any CPU
	EndGlobalSection
	GlobalSection(ProjectConfigurationPlatforms) = postSolution
		{FC6D79D0-7D38-4929-92FB-5239BA826D58}.Debug|Any CPU.ActiveCfg = Debug|Any CPU
		{FC6D79D0-7D38-4929-92FB-5239BA826D58}.Debug|Any CPU.Build.0 = Debug|Any CPU
		{FC6D79D0-7D38-4929-92FB-5239BA826D58}.Release|Any CPU.ActiveCfg = Release|Any CPU
		{FC6D79D0-7D38-4929-92FB-5239BA826D58}.Release|Any CPU.Build.0 = Release|Any CPU
	EndGlobalSection
	GlobalSection(SolutionProperties) = preSolution
		HideSolutionNode = FALSE
	EndGlobalSection
	GlobalSection(ExtensibilityGlobals) = postSolution
		SolutionGuid = {19BB8A56-DD08-4F31-87F4-644F63F8BE57}
	EndGlobalSection
EndGlobal
