
Microsoft Visual Studio Solution File, Format Version 12.00
# Visual Studio Version 16
VisualStudioVersion = 16.0.29102.190
MinimumVisualStudioVersion = 10.0.40219.1
Project("{FAE04EC0-301F-11D3-BF4B-00C04F79EFBC}") = "Operators", "Operators.csproj", "{BC91F6E1-3850-420C-AF2D-66982679E461}"
EndProject
Global
	GlobalSection(SolutionConfigurationPlatforms) = preSolution
		Debug|Any CPU = Debug|Any CPU
		Release|Any CPU = Release|Any CPU
	EndGlobalSection
	GlobalSection(ProjectConfigurationPlatforms) = postSolution
		{BC91F6E1-3850-420C-AF2D-66982679E461}.Debug|Any CPU.ActiveCfg = Debug|Any CPU
		{BC91F6E1-3850-420C-AF2D-66982679E461}.Debug|Any CPU.Build.0 = Debug|Any CPU
		{BC91F6E1-3850-420C-AF2D-66982679E461}.Release|Any CPU.ActiveCfg = Release|Any CPU
		{BC91F6E1-3850-420C-AF2D-66982679E461}.Release|Any CPU.Build.0 = Release|Any CPU
	EndGlobalSection
	GlobalSection(SolutionProperties) = preSolution
		HideSolutionNode = FALSE
	EndGlobalSection
	GlobalSection(ExtensibilityGlobals) = postSolution
		SolutionGuid = {3CC81349-69F0-4F4B-BF2F-D541D82E7C47}
	EndGlobalSection
EndGlobal
